
Microsoft Visual Studio Solution File, Format Version 12.00
# Visual Studio Version 17
VisualStudioVersion = 17.5.002.0
MinimumVisualStudioVersion = 10.0.40219.1
Project("{9A19103F-16F7-4668-BE54-9A1E7A4F7556}") = "jeux", "jeux.csproj", "{8CEF25E8-06B3-4CB1-97CF-CF4DA6FCAEC2}"
EndProject
Global
	GlobalSection(SolutionConfigurationPlatforms) = preSolution
		Debug|Any CPU = Debug|Any CPU
		Release|Any CPU = Release|Any CPU
	EndGlobalSection
	GlobalSection(ProjectConfigurationPlatforms) = postSolution
		{8CEF25E8-06B3-4CB1-97CF-CF4DA6FCAEC2}.Debug|Any CPU.ActiveCfg = Debug|Any CPU
		{8CEF25E8-06B3-4CB1-97CF-CF4DA6FCAEC2}.Debug|Any CPU.Build.0 = Debug|Any CPU
		{8CEF25E8-06B3-4CB1-97CF-CF4DA6FCAEC2}.Release|Any CPU.ActiveCfg = Release|Any CPU
		{8CEF25E8-06B3-4CB1-97CF-CF4DA6FCAEC2}.Release|Any CPU.Build.0 = Release|Any CPU
	EndGlobalSection
	GlobalSection(SolutionProperties) = preSolution
		HideSolutionNode = FALSE
	EndGlobalSection
	GlobalSection(ExtensibilityGlobals) = postSolution
		SolutionGuid = {0F33AC5E-1DB1-41C3-BD0A-8A49E85D032A}
	EndGlobalSection
EndGlobal
